
Microsoft Visual Studio Solution File, Format Version 12.00
# Visual Studio Version 17
VisualStudioVersion = 17.4.33213.308
MinimumVisualStudioVersion = 10.0.40219.1
Project("{FAE04EC0-301F-11D3-BF4B-00C04F79EFBC}") = "Property Matching Example", "Property Matching Example\Property Matching Example.csproj", "{A5352EF8-78AF-4052-AC92-3FC7CD776D50}"
EndProject
Global
	GlobalSection(SolutionConfigurationPlatforms) = preSolution
		Debug|Any CPU = Debug|Any CPU
		Release|Any CPU = Release|Any CPU
	EndGlobalSection
	GlobalSection(ProjectConfigurationPlatforms) = postSolution
		{A5352EF8-78AF-4052-AC92-3FC7CD776D50}.Debug|Any CPU.ActiveCfg = Debug|Any CPU
		{A5352EF8-78AF-4052-AC92-3FC7CD776D50}.Debug|Any CPU.Build.0 = Debug|Any CPU
		{A5352EF8-78AF-4052-AC92-3FC7CD776D50}.Release|Any CPU.ActiveCfg = Release|Any CPU
		{A5352EF8-78AF-4052-AC92-3FC7CD776D50}.Release|Any CPU.Build.0 = Release|Any CPU
	EndGlobalSection
	GlobalSection(SolutionProperties) = preSolution
		HideSolutionNode = FALSE
	EndGlobalSection
	GlobalSection(ExtensibilityGlobals) = postSolution
		SolutionGuid = {013DC4B4-74F8-4D7B-AF34-B6D3E2D2BF03}
	EndGlobalSection
EndGlobal
