
Microsoft Visual Studio Solution File, Format Version 12.00
# Visual Studio Version 16
VisualStudioVersion = 16.0.33214.272
MinimumVisualStudioVersion = 10.0.40219.1
Project("{FAE04EC0-301F-11D3-BF4B-00C04F79EFBC}") = "Partial Classes Example", "Partial Classes Example.csproj", "{DD681F44-7C65-4D6D-95D2-DB3A9D8B9118}"
EndProject
Project("{FAE04EC0-301F-11D3-BF4B-00C04F79EFBC}") = "ClassLibrary1", "..\ClassLibrary1\ClassLibrary1.csproj", "{3563E50D-84F2-46E2-8D52-05C5BE40FBBC}"
EndProject
Global
	GlobalSection(SolutionConfigurationPlatforms) = preSolution
		Debug|Any CPU = Debug|Any CPU
		Release|Any CPU = Release|Any CPU
	EndGlobalSection
	GlobalSection(ProjectConfigurationPlatforms) = postSolution
		{DD681F44-7C65-4D6D-95D2-DB3A9D8B9118}.Debug|Any CPU.ActiveCfg = Debug|Any CPU
		{DD681F44-7C65-4D6D-95D2-DB3A9D8B9118}.Debug|Any CPU.Build.0 = Debug|Any CPU
		{DD681F44-7C65-4D6D-95D2-DB3A9D8B9118}.Release|Any CPU.ActiveCfg = Release|Any CPU
		{DD681F44-7C65-4D6D-95D2-DB3A9D8B9118}.Release|Any CPU.Build.0 = Release|Any CPU
		{3563E50D-84F2-46E2-8D52-05C5BE40FBBC}.Debug|Any CPU.ActiveCfg = Debug|Any CPU
		{3563E50D-84F2-46E2-8D52-05C5BE40FBBC}.Debug|Any CPU.Build.0 = Debug|Any CPU
		{3563E50D-84F2-46E2-8D52-05C5BE40FBBC}.Release|Any CPU.ActiveCfg = Release|Any CPU
		{3563E50D-84F2-46E2-8D52-05C5BE40FBBC}.Release|Any CPU.Build.0 = Release|Any CPU
	EndGlobalSection
	GlobalSection(SolutionProperties) = preSolution
		HideSolutionNode = FALSE
	EndGlobalSection
	GlobalSection(ExtensibilityGlobals) = postSolution
		SolutionGuid = {5117C672-E559-48BE-B285-25F371D8C92C}
	EndGlobalSection
EndGlobal
