
Microsoft Visual Studio Solution File, Format Version 12.00
# Visual Studio Version 16
VisualStudioVersion = 16.0.33214.272
MinimumVisualStudioVersion = 10.0.40219.1
Project("{FAE04EC0-301F-11D3-BF4B-00C04F79EFBC}") = "Generic Constraints Example", "Generic Constraints Example.csproj", "{81CEF689-4800-4F1E-A9EB-0F52E987684C}"
EndProject
Global
	GlobalSection(SolutionConfigurationPlatforms) = preSolution
		Debug|Any CPU = Debug|Any CPU
		Release|Any CPU = Release|Any CPU
	EndGlobalSection
	GlobalSection(ProjectConfigurationPlatforms) = postSolution
		{81CEF689-4800-4F1E-A9EB-0F52E987684C}.Debug|Any CPU.ActiveCfg = Debug|Any CPU
		{81CEF689-4800-4F1E-A9EB-0F52E987684C}.Debug|Any CPU.Build.0 = Debug|Any CPU
		{81CEF689-4800-4F1E-A9EB-0F52E987684C}.Release|Any CPU.ActiveCfg = Release|Any CPU
		{81CEF689-4800-4F1E-A9EB-0F52E987684C}.Release|Any CPU.Build.0 = Release|Any CPU
	EndGlobalSection
	GlobalSection(SolutionProperties) = preSolution
		HideSolutionNode = FALSE
	EndGlobalSection
	GlobalSection(ExtensibilityGlobals) = postSolution
		SolutionGuid = {0A2B914B-77B4-4269-AEA4-6F564920CC3E}
	EndGlobalSection
EndGlobal
