
Microsoft Visual Studio Solution File, Format Version 12.00
# Visual Studio Version 16
VisualStudioVersion = 16.0.33214.272
MinimumVisualStudioVersion = 10.0.40219.1
Project("{FAE04EC0-301F-11D3-BF4B-00C04F79EFBC}") = "out and in Keywords", "out and in Keywords.csproj", "{1E8F56B9-D67E-459B-9298-915C6E8C7C48}"
EndProject
Global
	GlobalSection(SolutionConfigurationPlatforms) = preSolution
		Debug|Any CPU = Debug|Any CPU
		Release|Any CPU = Release|Any CPU
	EndGlobalSection
	GlobalSection(ProjectConfigurationPlatforms) = postSolution
		{1E8F56B9-D67E-459B-9298-915C6E8C7C48}.Debug|Any CPU.ActiveCfg = Debug|Any CPU
		{1E8F56B9-D67E-459B-9298-915C6E8C7C48}.Debug|Any CPU.Build.0 = Debug|Any CPU
		{1E8F56B9-D67E-459B-9298-915C6E8C7C48}.Release|Any CPU.ActiveCfg = Release|Any CPU
		{1E8F56B9-D67E-459B-9298-915C6E8C7C48}.Release|Any CPU.Build.0 = Release|Any CPU
	EndGlobalSection
	GlobalSection(SolutionProperties) = preSolution
		HideSolutionNode = FALSE
	EndGlobalSection
	GlobalSection(ExtensibilityGlobals) = postSolution
		SolutionGuid = {B3236904-ACE9-4029-8722-52D406E86DC1}
	EndGlobalSection
EndGlobal
