
Microsoft Visual Studio Solution File, Format Version 12.00
# Visual Studio Version 17
VisualStudioVersion = 17.4.33213.308
MinimumVisualStudioVersion = 10.0.40219.1
Project("{FAE04EC0-301F-11D3-BF4B-00C04F79EFBC}") = "Reflection Task 1", "Reflection Task 1\Reflection Task 1.csproj", "{A570F7B8-FC37-4983-8C9A-A7D3E1077FDD}"
EndProject
Global
	GlobalSection(SolutionConfigurationPlatforms) = preSolution
		Debug|Any CPU = Debug|Any CPU
		Release|Any CPU = Release|Any CPU
	EndGlobalSection
	GlobalSection(ProjectConfigurationPlatforms) = postSolution
		{A570F7B8-FC37-4983-8C9A-A7D3E1077FDD}.Debug|Any CPU.ActiveCfg = Debug|Any CPU
		{A570F7B8-FC37-4983-8C9A-A7D3E1077FDD}.Debug|Any CPU.Build.0 = Debug|Any CPU
		{A570F7B8-FC37-4983-8C9A-A7D3E1077FDD}.Release|Any CPU.ActiveCfg = Release|Any CPU
		{A570F7B8-FC37-4983-8C9A-A7D3E1077FDD}.Release|Any CPU.Build.0 = Release|Any CPU
	EndGlobalSection
	GlobalSection(SolutionProperties) = preSolution
		HideSolutionNode = FALSE
	EndGlobalSection
	GlobalSection(ExtensibilityGlobals) = postSolution
		SolutionGuid = {32B3A474-528F-415E-8DC6-B1176FF00E79}
	EndGlobalSection
EndGlobal
