
Microsoft Visual Studio Solution File, Format Version 12.00
# Visual Studio Version 17
VisualStudioVersion = 17.4.33213.308
MinimumVisualStudioVersion = 10.0.40219.1
Project("{FAE04EC0-301F-11D3-BF4B-00C04F79EFBC}") = "Inline Lambda Expression", "Inline Lambda Expression\Inline Lambda Expression.csproj", "{4B2EE382-28F7-43BE-8623-B51354C449D0}"
EndProject
Project("{FAE04EC0-301F-11D3-BF4B-00C04F79EFBC}") = "Inline Lambda Library", "Inline Lambda Library\Inline Lambda Library.csproj", "{14992479-90F2-4D3C-9771-F03E5FDD9CDA}"
EndProject
Global
	GlobalSection(SolutionConfigurationPlatforms) = preSolution
		Debug|Any CPU = Debug|Any CPU
		Release|Any CPU = Release|Any CPU
	EndGlobalSection
	GlobalSection(ProjectConfigurationPlatforms) = postSolution
		{4B2EE382-28F7-43BE-8623-B51354C449D0}.Debug|Any CPU.ActiveCfg = Debug|Any CPU
		{4B2EE382-28F7-43BE-8623-B51354C449D0}.Debug|Any CPU.Build.0 = Debug|Any CPU
		{4B2EE382-28F7-43BE-8623-B51354C449D0}.Release|Any CPU.ActiveCfg = Release|Any CPU
		{4B2EE382-28F7-43BE-8623-B51354C449D0}.Release|Any CPU.Build.0 = Release|Any CPU
		{14992479-90F2-4D3C-9771-F03E5FDD9CDA}.Debug|Any CPU.ActiveCfg = Debug|Any CPU
		{14992479-90F2-4D3C-9771-F03E5FDD9CDA}.Debug|Any CPU.Build.0 = Debug|Any CPU
		{14992479-90F2-4D3C-9771-F03E5FDD9CDA}.Release|Any CPU.ActiveCfg = Release|Any CPU
		{14992479-90F2-4D3C-9771-F03E5FDD9CDA}.Release|Any CPU.Build.0 = Release|Any CPU
	EndGlobalSection
	GlobalSection(SolutionProperties) = preSolution
		HideSolutionNode = FALSE
	EndGlobalSection
	GlobalSection(ExtensibilityGlobals) = postSolution
		SolutionGuid = {0664256D-FD8B-4395-8AD9-5027AEAE5C56}
	EndGlobalSection
EndGlobal
