
Microsoft Visual Studio Solution File, Format Version 12.00
# Visual Studio Version 16
VisualStudioVersion = 16.0.33214.272
MinimumVisualStudioVersion = 10.0.40219.1
Project("{FAE04EC0-301F-11D3-BF4B-00C04F79EFBC}") = "Generic Methods Example", "Generic Methods Example.csproj", "{8F9DB3FC-C54F-4BC0-ADF9-6DA1E918470E}"
EndProject
Global
	GlobalSection(SolutionConfigurationPlatforms) = preSolution
		Debug|Any CPU = Debug|Any CPU
		Release|Any CPU = Release|Any CPU
	EndGlobalSection
	GlobalSection(ProjectConfigurationPlatforms) = postSolution
		{8F9DB3FC-C54F-4BC0-ADF9-6DA1E918470E}.Debug|Any CPU.ActiveCfg = Debug|Any CPU
		{8F9DB3FC-C54F-4BC0-ADF9-6DA1E918470E}.Debug|Any CPU.Build.0 = Debug|Any CPU
		{8F9DB3FC-C54F-4BC0-ADF9-6DA1E918470E}.Release|Any CPU.ActiveCfg = Release|Any CPU
		{8F9DB3FC-C54F-4BC0-ADF9-6DA1E918470E}.Release|Any CPU.Build.0 = Release|Any CPU
	EndGlobalSection
	GlobalSection(SolutionProperties) = preSolution
		HideSolutionNode = FALSE
	EndGlobalSection
	GlobalSection(ExtensibilityGlobals) = postSolution
		SolutionGuid = {F6AF2229-D7D2-403D-B9AC-E595C27C833B}
	EndGlobalSection
EndGlobal
