
Microsoft Visual Studio Solution File, Format Version 12.00
# Visual Studio Version 17
VisualStudioVersion = 17.4.33213.308
MinimumVisualStudioVersion = 10.0.40219.1
Project("{FAE04EC0-301F-11D3-BF4B-00C04F79EFBC}") = "Predicate Delegate", "Predicate Delegate\Predicate Delegate.csproj", "{5B1CE224-6B06-460B-B693-A2E306F4E190}"
EndProject
Project("{FAE04EC0-301F-11D3-BF4B-00C04F79EFBC}") = "Predicate Delegate Library", "Predicate Delegate Library\Predicate Delegate Library.csproj", "{EFF274F1-1390-41EC-ADB1-4111665E3B0A}"
EndProject
Global
	GlobalSection(SolutionConfigurationPlatforms) = preSolution
		Debug|Any CPU = Debug|Any CPU
		Release|Any CPU = Release|Any CPU
	EndGlobalSection
	GlobalSection(ProjectConfigurationPlatforms) = postSolution
		{5B1CE224-6B06-460B-B693-A2E306F4E190}.Debug|Any CPU.ActiveCfg = Debug|Any CPU
		{5B1CE224-6B06-460B-B693-A2E306F4E190}.Debug|Any CPU.Build.0 = Debug|Any CPU
		{5B1CE224-6B06-460B-B693-A2E306F4E190}.Release|Any CPU.ActiveCfg = Release|Any CPU
		{5B1CE224-6B06-460B-B693-A2E306F4E190}.Release|Any CPU.Build.0 = Release|Any CPU
		{EFF274F1-1390-41EC-ADB1-4111665E3B0A}.Debug|Any CPU.ActiveCfg = Debug|Any CPU
		{EFF274F1-1390-41EC-ADB1-4111665E3B0A}.Debug|Any CPU.Build.0 = Debug|Any CPU
		{EFF274F1-1390-41EC-ADB1-4111665E3B0A}.Release|Any CPU.ActiveCfg = Release|Any CPU
		{EFF274F1-1390-41EC-ADB1-4111665E3B0A}.Release|Any CPU.Build.0 = Release|Any CPU
	EndGlobalSection
	GlobalSection(SolutionProperties) = preSolution
		HideSolutionNode = FALSE
	EndGlobalSection
	GlobalSection(ExtensibilityGlobals) = postSolution
		SolutionGuid = {45064766-81EE-4F65-A837-32E6D0EAC6F6}
	EndGlobalSection
EndGlobal
