
Microsoft Visual Studio Solution File, Format Version 12.00
# Visual Studio Version 17
VisualStudioVersion = 17.4.33213.308
MinimumVisualStudioVersion = 10.0.40219.1
Project("{FAE04EC0-301F-11D3-BF4B-00C04F79EFBC}") = "Propert Matching", "Propert Matching\Propert Matching.csproj", "{99EEF96A-284C-48C3-AAD0-1DB86060A668}"
EndProject
Global
	GlobalSection(SolutionConfigurationPlatforms) = preSolution
		Debug|Any CPU = Debug|Any CPU
		Release|Any CPU = Release|Any CPU
	EndGlobalSection
	GlobalSection(ProjectConfigurationPlatforms) = postSolution
		{99EEF96A-284C-48C3-AAD0-1DB86060A668}.Debug|Any CPU.ActiveCfg = Debug|Any CPU
		{99EEF96A-284C-48C3-AAD0-1DB86060A668}.Debug|Any CPU.Build.0 = Debug|Any CPU
		{99EEF96A-284C-48C3-AAD0-1DB86060A668}.Release|Any CPU.ActiveCfg = Release|Any CPU
		{99EEF96A-284C-48C3-AAD0-1DB86060A668}.Release|Any CPU.Build.0 = Release|Any CPU
	EndGlobalSection
	GlobalSection(SolutionProperties) = preSolution
		HideSolutionNode = FALSE
	EndGlobalSection
	GlobalSection(ExtensibilityGlobals) = postSolution
		SolutionGuid = {4542B159-FFCA-44EC-8CEB-F05729E78AB4}
	EndGlobalSection
EndGlobal
