
Microsoft Visual Studio Solution File, Format Version 12.00
# Visual Studio Version 17
VisualStudioVersion = 17.4.33213.308
MinimumVisualStudioVersion = 10.0.40219.1
Project("{FAE04EC0-301F-11D3-BF4B-00C04F79EFBC}") = "User Defined Exception Example", "User Defined Exception Example\User Defined Exception Example.csproj", "{D50DCD92-D323-4F65-9760-6ADD96778024}"
EndProject
Global
	GlobalSection(SolutionConfigurationPlatforms) = preSolution
		Debug|Any CPU = Debug|Any CPU
		Release|Any CPU = Release|Any CPU
	EndGlobalSection
	GlobalSection(ProjectConfigurationPlatforms) = postSolution
		{D50DCD92-D323-4F65-9760-6ADD96778024}.Debug|Any CPU.ActiveCfg = Debug|Any CPU
		{D50DCD92-D323-4F65-9760-6ADD96778024}.Debug|Any CPU.Build.0 = Debug|Any CPU
		{D50DCD92-D323-4F65-9760-6ADD96778024}.Release|Any CPU.ActiveCfg = Release|Any CPU
		{D50DCD92-D323-4F65-9760-6ADD96778024}.Release|Any CPU.Build.0 = Release|Any CPU
	EndGlobalSection
	GlobalSection(SolutionProperties) = preSolution
		HideSolutionNode = FALSE
	EndGlobalSection
	GlobalSection(ExtensibilityGlobals) = postSolution
		SolutionGuid = {E3C774EA-0701-4010-BF3A-A80BBF6055FD}
	EndGlobalSection
EndGlobal
