
Microsoft Visual Studio Solution File, Format Version 12.00
# Visual Studio Version 16
VisualStudioVersion = 16.0.33214.272
MinimumVisualStudioVersion = 10.0.40219.1
Project("{FAE04EC0-301F-11D3-BF4B-00C04F79EFBC}") = "Generics Example", "Generics Example.csproj", "{2C1F8A66-0098-4B41-95DA-A9E4FED0E296}"
EndProject
Project("{FAE04EC0-301F-11D3-BF4B-00C04F79EFBC}") = "Generics Example Library", "..\Generics Example Library\Generics Example Library.csproj", "{52C41190-631E-4016-A6EA-6220A2FD9924}"
EndProject
Global
	GlobalSection(SolutionConfigurationPlatforms) = preSolution
		Debug|Any CPU = Debug|Any CPU
		Release|Any CPU = Release|Any CPU
	EndGlobalSection
	GlobalSection(ProjectConfigurationPlatforms) = postSolution
		{2C1F8A66-0098-4B41-95DA-A9E4FED0E296}.Debug|Any CPU.ActiveCfg = Debug|Any CPU
		{2C1F8A66-0098-4B41-95DA-A9E4FED0E296}.Debug|Any CPU.Build.0 = Debug|Any CPU
		{2C1F8A66-0098-4B41-95DA-A9E4FED0E296}.Release|Any CPU.ActiveCfg = Release|Any CPU
		{2C1F8A66-0098-4B41-95DA-A9E4FED0E296}.Release|Any CPU.Build.0 = Release|Any CPU
		{52C41190-631E-4016-A6EA-6220A2FD9924}.Debug|Any CPU.ActiveCfg = Debug|Any CPU
		{52C41190-631E-4016-A6EA-6220A2FD9924}.Debug|Any CPU.Build.0 = Debug|Any CPU
		{52C41190-631E-4016-A6EA-6220A2FD9924}.Release|Any CPU.ActiveCfg = Release|Any CPU
		{52C41190-631E-4016-A6EA-6220A2FD9924}.Release|Any CPU.Build.0 = Release|Any CPU
	EndGlobalSection
	GlobalSection(SolutionProperties) = preSolution
		HideSolutionNode = FALSE
	EndGlobalSection
	GlobalSection(ExtensibilityGlobals) = postSolution
		SolutionGuid = {8AD03E50-7971-4EF1-B125-33E7C28581BD}
	EndGlobalSection
EndGlobal
